// !$*UTF8*$!
{
	archiveVersion = 1;
	classes = {
	};
	objectVersion = 56;
	objects = {

/* Begin PBXBuildFile section */
		A72D9D3D29EB366E002FB49C /* tejisgoatApp.swift in Sources */ = {isa = PBXBuildFile; fileRef = A72D9D3C29EB366E002FB49C /* tejisgoatApp.swift */; };
		A72D9D3F29EB366E002FB49C /* ContentView.swift in Sources */ = {isa = PBXBuildFile; fileRef = A72D9D3E29EB366E002FB49C /* ContentView.swift */; };
		A72D9D4129EB366F002FB49C /* Assets.xcassets in Resources */ = {isa = PBXBuildFile; fileRef = A72D9D4029EB366F002FB49C /* Assets.xcassets */; };
		A72D9D4529EB366F002FB49C /* Preview Assets.xcassets in Resources */ = {isa = PBXBuildFile; fileRef = A72D9D4429EB366F002FB49C /* Preview Assets.xcassets */; };
		A72D9D4F29EB366F002FB49C /* tejisgoatTests.swift in Sources */ = {isa = PBXBuildFile; fileRef = A72D9D4E29EB366F002FB49C /* tejisgoatTests.swift */; };
		A72D9D5929EB366F002FB49C /* tejisgoatUITests.swift in Sources */ = {isa = PBXBuildFile; fileRef = A72D9D5829EB366F002FB49C /* tejisgoatUITests.swift */; };
		A72D9D5B29EB366F002FB49C /* tejisgoatUITestsLaunchTests.swift in Sources */ = {isa = PBXBuildFile; fileRef = A72D9D5A29EB366F002FB49C /* tejisgoatUITestsLaunchTests.swift */; };
/* End PBXBuildFile section */

/* Begin PBXContainerItemProxy section */
		A72D9D4B29EB366F002FB49C /* PBXContainerItemProxy */ = {
			isa = PBXContainerItemProxy;
			containerPortal = A72D9D3129EB366E002FB49C /* Project object */;
			proxyType = 1;
			remoteGlobalIDString = A72D9D3829EB366E002FB49C;
			remoteInfo = tejisgoat;
		};
		A72D9D5529EB366F002FB49C /* PBXContainerItemProxy */ = {
			isa = PBXContainerItemProxy;
			containerPortal = A72D9D3129EB366E002FB49C /* Project object */;
			proxyType = 1;
			remoteGlobalIDString = A72D9D3829EB366E002FB49C;
			remoteInfo = tejisgoat;
		};
/* End PBXContainerItemProxy section */

/* Begin PBXFileReference section */
		A72D9D3929EB366E002FB49C /* tejisgoat.app */ = {isa = PBXFileReference; explicitFileType = wrapper.application; includeInIndex = 0; path = tejisgoat.app; sourceTree = BUILT_PRODUCTS_DIR; };
		A72D9D3C29EB366E002FB49C /* tejisgoatApp.swift */ = {isa = PBXFileReference; lastKnownFileType = sourcecode.swift; path = tejisgoatApp.swift; sourceTree = "<group>"; };
		A72D9D3E29EB366E002FB49C /* ContentView.swift */ = {isa = PBXFileReference; lastKnownFileType = sourcecode.swift; path = ContentView.swift; sourceTree = "<group>"; };
		A72D9D4029EB366F002FB49C /* Assets.xcassets */ = {isa = PBXFileReference; lastKnownFileType = folder.assetcatalog; path = Assets.xcassets; sourceTree = "<group>"; };
		A72D9D4229EB366F002FB49C /* tejisgoat.entitlements */ = {isa = PBXFileReference; lastKnownFileType = text.plist.entitlements; path = tejisgoat.entitlements; sourceTree = "<group>"; };
		A72D9D4429EB366F002FB49C /* Preview Assets.xcassets */ = {isa = PBXFileReference; lastKnownFileType = folder.assetcatalog; path = "Preview Assets.xcassets"; sourceTree = "<group>"; };
		A72D9D4A29EB366F002FB49C /* tejisgoatTests.xctest */ = {isa = PBXFileReference; explicitFileType = wrapper.cfbundle; includeInIndex = 0; path = tejisgoatTests.xctest; sourceTree = BUILT_PRODUCTS_DIR; };
		A72D9D4E29EB366F002FB49C /* tejisgoatTests.swift */ = {isa = PBXFileReference; lastKnownFileType = sourcecode.swift; path = tejisgoatTests.swift; sourceTree = "<group>"; };
		A72D9D5429EB366F002FB49C /* tejisgoatUITests.xctest */ = {isa = PBXFileReference; explicitFileType = wrapper.cfbundle; includeInIndex = 0; path = tejisgoatUITests.xctest; sourceTree = BUILT_PRODUCTS_DIR; };
		A72D9D5829EB366F002FB49C /* tejisgoatUITests.swift */ = {isa = PBXFileReference; lastKnownFileType = sourcecode.swift; path = tejisgoatUITests.swift; sourceTree = "<group>"; };
		A72D9D5A29EB366F002FB49C /* tejisgoatUITestsLaunchTests.swift */ = {isa = PBXFileReference; lastKnownFileType = sourcecode.swift; path = tejisgoatUITestsLaunchTests.swift; sourceTree = "<group>"; };
/* End PBXFileReference section */

/* Begin PBXFrameworksBuildPhase section */
		A72D9D3629EB366E002FB49C /* Frameworks */ = {
			isa = PBXFrameworksBuildPhase;
			buildActionMask = 2147483647;
			files = (
			);
			runOnlyForDeploymentPostprocessing = 0;
		};
		A72D9D4729EB366F002FB49C /* Frameworks */ = {
			isa = PBXFrameworksBuildPhase;
			buildActionMask = 2147483647;
			files = (
			);
			runOnlyForDeploymentPostprocessing = 0;
		};
		A72D9D5129EB366F002FB49C /* Frameworks */ = {
			isa = PBXFrameworksBuildPhase;
			buildActionMask = 2147483647;
			files = (
			);
			runOnlyForDeploymentPostprocessing = 0;
		};
/* End PBXFrameworksBuildPhase section */

/* Begin PBXGroup section */
		A72D9D3029EB366E002FB49C = {
			isa = PBXGroup;
			children = (
				A72D9D3B29EB366E002FB49C /* tejisgoat */,
				A72D9D4D29EB366F002FB49C /* tejisgoatTests */,
				A72D9D5729EB366F002FB49C /* tejisgoatUITests */,
				A72D9D3A29EB366E002FB49C /* Products */,
			);
			sourceTree = "<group>";
		};
		A72D9D3A29EB366E002FB49C /* Products */ = {
			isa = PBXGroup;
			children = (
				A72D9D3929EB366E002FB49C /* tejisgoat.app */,
				A72D9D4A29EB366F002FB49C /* tejisgoatTests.xctest */,
				A72D9D5429EB366F002FB49C /* tejisgoatUITests.xctest */,
			);
			name = Products;
			sourceTree = "<group>";
		};
		A72D9D3B29EB366E002FB49C /* tejisgoat */ = {
			isa = PBXGroup;
			children = (
				A72D9D3C29EB366E002FB49C /* tejisgoatApp.swift */,
				A72D9D3E29EB366E002FB49C /* ContentView.swift */,
				A72D9D4029EB366F002FB49C /* Assets.xcassets */,
				A72D9D4229EB366F002FB49C /* tejisgoat.entitlements */,
				A72D9D4329EB366F002FB49C /* Preview Content */,
			);
			path = tejisgoat;
			sourceTree = "<group>";
		};
		A72D9D4329EB366F002FB49C /* Preview Content */ = {
			isa = PBXGroup;
			children = (
				A72D9D4429EB366F002FB49C /* Preview Assets.xcassets */,
			);
			path = "Preview Content";
			sourceTree = "<group>";
		};
		A72D9D4D29EB366F002FB49C /* tejisgoatTests */ = {
			isa = PBXGroup;
			children = (
				A72D9D4E29EB366F002FB49C /* tejisgoatTests.swift */,
			);
			path = tejisgoatTests;
			sourceTree = "<group>";
		};
		A72D9D5729EB366F002FB49C /* tejisgoatUITests */ = {
			isa = PBXGroup;
			children = (
				A72D9D5829EB366F002FB49C /* tejisgoatUITests.swift */,
				A72D9D5A29EB366F002FB49C /* tejisgoatUITestsLaunchTests.swift */,
			);
			path = tejisgoatUITests;
			sourceTree = "<group>";
		};
/* End PBXGroup section */

/* Begin PBXNativeTarget section */
		A72D9D3829EB366E002FB49C /* tejisgoat */ = {
			isa = PBXNativeTarget;
			buildConfigurationList = A72D9D5E29EB366F002FB49C /* Build configuration list for PBXNativeTarget "tejisgoat" */;
			buildPhases = (
				A72D9D3529EB366E002FB49C /* Sources */,
				A72D9D3629EB366E002FB49C /* Frameworks */,
				A72D9D3729EB366E002FB49C /* Resources */,
			);
			buildRules = (
			);
			dependencies = (
			);
			name = tejisgoat;
			productName = tejisgoat;
			productReference = A72D9D3929EB366E002FB49C /* tejisgoat.app */;
			productType = "com.apple.product-type.application";
		};
		A72D9D4929EB366F002FB49C /* tejisgoatTests */ = {
			isa = PBXNativeTarget;
			buildConfigurationList = A72D9D6129EB366F002FB49C /* Build configuration list for PBXNativeTarget "tejisgoatTests" */;
			buildPhases = (
				A72D9D4629EB366F002FB49C /* Sources */,
				A72D9D4729EB366F002FB49C /* Frameworks */,
				A72D9D4829EB366F002FB49C /* Resources */,
			);
			buildRules = (
			);
			dependencies = (
				A72D9D4C29EB366F002FB49C /* PBXTargetDependency */,
			);
			name = tejisgoatTests;
			productName = tejisgoatTests;
			productReference = A72D9D4A29EB366F002FB49C /* tejisgoatTests.xctest */;
			productType = "com.apple.product-type.bundle.unit-test";
		};
		A72D9D5329EB366F002FB49C /* tejisgoatUITests */ = {
			isa = PBXNativeTarget;
			buildConfigurationList = A72D9D6429EB366F002FB49C /* Build configuration list for PBXNativeTarget "tejisgoatUITests" */;
			buildPhases = (
				A72D9D5029EB366F002FB49C /* Sources */,
				A72D9D5129EB366F002FB49C /* Frameworks */,
				A72D9D5229EB366F002FB49C /* Resources */,
			);
			buildRules = (
			);
			dependencies = (
				A72D9D5629EB366F002FB49C /* PBXTargetDependency */,
			);
			name = tejisgoatUITests;
			productName = tejisgoatUITests;
			productReference = A72D9D5429EB366F002FB49C /* tejisgoatUITests.xctest */;
			productType = "com.apple.product-type.bundle.ui-testing";
		};
/* End PBXNativeTarget section */

/* Begin PBXProject section */
		A72D9D3129EB366E002FB49C /* Project object */ = {
			isa = PBXProject;
			attributes = {
				BuildIndependentTargetsInParallel = 1;
				LastSwiftUpdateCheck = 1430;
				LastUpgradeCheck = 1430;
				TargetAttributes = {
					A72D9D3829EB366E002FB49C = {
						CreatedOnToolsVersion = 14.3;
					};
					A72D9D4929EB366F002FB49C = {
						CreatedOnToolsVersion = 14.3;
						TestTargetID = A72D9D3829EB366E002FB49C;
					};
					A72D9D5329EB366F002FB49C = {
						CreatedOnToolsVersion = 14.3;
						TestTargetID = A72D9D3829EB366E002FB49C;
					};
				};
			};
			buildConfigurationList = A72D9D3429EB366E002FB49C /* Build configuration list for PBXProject "tejisgoat" */;
			compatibilityVersion = "Xcode 14.0";
			developmentRegion = en;
			hasScannedForEncodings = 0;
			knownRegions = (
				en,
				Base,
			);
			mainGroup = A72D9D3029EB366E002FB49C;
			productRefGroup = A72D9D3A29EB366E002FB49C /* Products */;
			projectDirPath = "";
			projectRoot = "";
			targets = (
				A72D9D3829EB366E002FB49C /* tejisgoat */,
				A72D9D4929EB366F002FB49C /* tejisgoatTests */,
				A72D9D5329EB366F002FB49C /* tejisgoatUITests */,
			);
		};
/* End PBXProject section */

/* Begin PBXResourcesBuildPhase section */
		A72D9D3729EB366E002FB49C /* Resources */ = {
			isa = PBXResourcesBuildPhase;
			buildActionMask = 2147483647;
			files = (
				A72D9D4529EB366F002FB49C /* Preview Assets.xcassets in Resources */,
				A72D9D4129EB366F002FB49C /* Assets.xcassets in Resources */,
			);
			runOnlyForDeploymentPostprocessing = 0;
		};
		A72D9D4829EB366F002FB49C /* Resources */ = {
			isa = PBXResourcesBuildPhase;
			buildActionMask = 2147483647;
			files = (
			);
			runOnlyForDeploymentPostprocessing = 0;
		};
		A72D9D5229EB366F002FB49C /* Resources */ = {
			isa = PBXResourcesBuildPhase;
			buildActionMask = 2147483647;
			files = (
			);
			runOnlyForDeploymentPostprocessing = 0;
		};
/* End PBXResourcesBuildPhase section */

/* Begin PBXSourcesBuildPhase section */
		A72D9D3529EB366E002FB49C /* Sources */ = {
			isa = PBXSourcesBuildPhase;
			buildActionMask = 2147483647;
			files = (
				A72D9D3F29EB366E002FB49C /* ContentView.swift in Sources */,
				A72D9D3D29EB366E002FB49C /* tejisgoatApp.swift in Sources */,
			);
			runOnlyForDeploymentPostprocessing = 0;
		};
		A72D9D4629EB366F002FB49C /* Sources */ = {
			isa = PBXSourcesBuildPhase;
			buildActionMask = 2147483647;
			files = (
				A72D9D4F29EB366F002FB49C /* tejisgoatTests.swift in Sources */,
			);
			runOnlyForDeploymentPostprocessing = 0;
		};
		A72D9D5029EB366F002FB49C /* Sources */ = {
			isa = PBXSourcesBuildPhase;
			buildActionMask = 2147483647;
			files = (
				A72D9D5929EB366F002FB49C /* tejisgoatUITests.swift in Sources */,
				A72D9D5B29EB366F002FB49C /* tejisgoatUITestsLaunchTests.swift in Sources */,
			);
			runOnlyForDeploymentPostprocessing = 0;
		};
/* End PBXSourcesBuildPhase section */

/* Begin PBXTargetDependency section */
		A72D9D4C29EB366F002FB49C /* PBXTargetDependency */ = {
			isa = PBXTargetDependency;
			target = A72D9D3829EB366E002FB49C /* tejisgoat */;
			targetProxy = A72D9D4B29EB366F002FB49C /* PBXContainerItemProxy */;
		};
		A72D9D5629EB366F002FB49C /* PBXTargetDependency */ = {
			isa = PBXTargetDependency;
			target = A72D9D3829EB366E002FB49C /* tejisgoat */;
			targetProxy = A72D9D5529EB366F002FB49C /* PBXContainerItemProxy */;
		};
/* End PBXTargetDependency section */

/* Begin XCBuildConfiguration section */
		A72D9D5C29EB366F002FB49C /* Debug */ = {
			isa = XCBuildConfiguration;
			buildSettings = {
				ALWAYS_SEARCH_USER_PATHS = NO;
				CLANG_ANALYZER_NONNULL = YES;
				CLANG_ANALYZER_NUMBER_OBJECT_CONVERSION = YES_AGGRESSIVE;
				CLANG_CXX_LANGUAGE_STANDARD = "gnu++20";
				CLANG_ENABLE_MODULES = YES;
				CLANG_ENABLE_OBJC_ARC = YES;
				CLANG_ENABLE_OBJC_WEAK = YES;
				CLANG_WARN_BLOCK_CAPTURE_AUTORELEASING = YES;
				CLANG_WARN_BOOL_CONVERSION = YES;
				CLANG_WARN_COMMA = YES;
				CLANG_WARN_CONSTANT_CONVERSION = YES;
				CLANG_WARN_DEPRECATED_OBJC_IMPLEMENTATIONS = YES;
				CLANG_WARN_DIRECT_OBJC_ISA_USAGE = YES_ERROR;
				CLANG_WARN_DOCUMENTATION_COMMENTS = YES;
				CLANG_WARN_EMPTY_BODY = YES;
				CLANG_WARN_ENUM_CONVERSION = YES;
				CLANG_WARN_INFINITE_RECURSION = YES;
				CLANG_WARN_INT_CONVERSION = YES;
				CLANG_WARN_NON_LITERAL_NULL_CONVERSION = YES;
				CLANG_WARN_OBJC_IMPLICIT_RETAIN_SELF = YES;
				CLANG_WARN_OBJC_LITERAL_CONVERSION = YES;
				CLANG_WARN_OBJC_ROOT_CLASS = YES_ERROR;
				CLANG_WARN_QUOTED_INCLUDE_IN_FRAMEWORK_HEADER = YES;
				CLANG_WARN_RANGE_LOOP_ANALYSIS = YES;
				CLANG_WARN_STRICT_PROTOTYPES = YES;
				CLANG_WARN_SUSPICIOUS_MOVE = YES;
				CLANG_WARN_UNGUARDED_AVAILABILITY = YES_AGGRESSIVE;
				CLANG_WARN_UNREACHABLE_CODE = YES;
				CLANG_WARN__DUPLICATE_METHOD_MATCH = YES;
				COPY_PHASE_STRIP = NO;
				DEBUG_INFORMATION_FORMAT = dwarf;
				ENABLE_STRICT_OBJC_MSGSEND = YES;
				ENABLE_TESTABILITY = YES;
				GCC_C_LANGUAGE_STANDARD = gnu11;
				GCC_DYNAMIC_NO_PIC = NO;
				GCC_NO_COMMON_BLOCKS = YES;
				GCC_OPTIMIZATION_LEVEL = 0;
				GCC_PREPROCESSOR_DEFINITIONS = (
					"DEBUG=1",
					"$(inherited)",
				);
				GCC_WARN_64_TO_32_BIT_CONVERSION = YES;
				GCC_WARN_ABOUT_RETURN_TYPE = YES_ERROR;
				GCC_WARN_UNDECLARED_SELECTOR = YES;
				GCC_WARN_UNINITIALIZED_AUTOS = YES_AGGRESSIVE;
				GCC_WARN_UNUSED_FUNCTION = YES;
				GCC_WARN_UNUSED_VARIABLE = YES;
				MTL_ENABLE_DEBUG_INFO = INCLUDE_SOURCE;
				MTL_FAST_MATH = YES;
				ONLY_ACTIVE_ARCH = YES;
				SWIFT_ACTIVE_COMPILATION_CONDITIONS = DEBUG;
				SWIFT_OPTIMIZATION_LEVEL = "-Onone";
			};
			name = Debug;
		};
		A72D9D5D29EB366F002FB49C /* Release */ = {
			isa = XCBuildConfiguration;
			buildSettings = {
				ALWAYS_SEARCH_USER_PATHS = NO;
				CLANG_ANALYZER_NONNULL = YES;
				CLANG_ANALYZER_NUMBER_OBJECT_CONVERSION = YES_AGGRESSIVE;
				CLANG_CXX_LANGUAGE_STANDARD = "gnu++20";
				CLANG_ENABLE_MODULES = YES;
				CLANG_ENABLE_OBJC_ARC = YES;
				CLANG_ENABLE_OBJC_WEAK = YES;
				CLANG_WARN_BLOCK_CAPTURE_AUTORELEASING = YES;
				CLANG_WARN_BOOL_CONVERSION = YES;
				CLANG_WARN_COMMA = YES;
				CLANG_WARN_CONSTANT_CONVERSION = YES;
				CLANG_WARN_DEPRECATED_OBJC_IMPLEMENTATIONS = YES;
				CLANG_WARN_DIRECT_OBJC_ISA_USAGE = YES_ERROR;
				CLANG_WARN_DOCUMENTATION_COMMENTS = YES;
				CLANG_WARN_EMPTY_BODY = YES;
				CLANG_WARN_ENUM_CONVERSION = YES;
				CLANG_WARN_INFINITE_RECURSION = YES;
				CLANG_WARN_INT_CONVERSION = YES;
				CLANG_WARN_NON_LITERAL_NULL_CONVERSION = YES;
				CLANG_WARN_OBJC_IMPLICIT_RETAIN_SELF = YES;
				CLANG_WARN_OBJC_LITERAL_CONVERSION = YES;
				CLANG_WARN_OBJC_ROOT_CLASS = YES_ERROR;
				CLANG_WARN_QUOTED_INCLUDE_IN_FRAMEWORK_HEADER = YES;
				CLANG_WARN_RANGE_LOOP_ANALYSIS = YES;
				CLANG_WARN_STRICT_PROTOTYPES = YES;
				CLANG_WARN_SUSPICIOUS_MOVE = YES;
				CLANG_WARN_UNGUARDED_AVAILABILITY = YES_AGGRESSIVE;
				CLANG_WARN_UNREACHABLE_CODE = YES;
				CLANG_WARN__DUPLICATE_METHOD_MATCH = YES;
				COPY_PHASE_STRIP = NO;
				DEBUG_INFORMATION_FORMAT = "dwarf-with-dsym";
				ENABLE_NS_ASSERTIONS = NO;
				ENABLE_STRICT_OBJC_MSGSEND = YES;
				GCC_C_LANGUAGE_STANDARD = gnu11;
				GCC_NO_COMMON_BLOCKS = YES;
				GCC_WARN_64_TO_32_BIT_CONVERSION = YES;
				GCC_WARN_ABOUT_RETURN_TYPE = YES_ERROR;
				GCC_WARN_UNDECLARED_SELECTOR = YES;
				GCC_WARN_UNINITIALIZED_AUTOS = YES_AGGRESSIVE;
				GCC_WARN_UNUSED_FUNCTION = YES;
				GCC_WARN_UNUSED_VARIABLE = YES;
				MTL_ENABLE_DEBUG_INFO = NO;
				MTL_FAST_MATH = YES;
				SWIFT_COMPILATION_MODE = wholemodule;
				SWIFT_OPTIMIZATION_LEVEL = "-O";
			};
			name = Release;
		};
		A72D9D5F29EB366F002FB49C /* Debug */ = {
			isa = XCBuildConfiguration;
			buildSettings = {
				ASSETCATALOG_COMPILER_APPICON_NAME = AppIcon;
				ASSETCATALOG_COMPILER_GLOBAL_ACCENT_COLOR_NAME = AccentColor;
				CODE_SIGN_ENTITLEMENTS = tejisgoat/tejisgoat.entitlements;
				CODE_SIGN_STYLE = Automatic;
				CURRENT_PROJECT_VERSION = 1;
				DEVELOPMENT_ASSET_PATHS = "\"tejisgoat/Preview Content\"";
				DEVELOPMENT_TEAM = N76FV4P4AL;
				ENABLE_HARDENED_RUNTIME = YES;
				ENABLE_PREVIEWS = YES;
				GENERATE_INFOPLIST_FILE = YES;
				"INFOPLIST_KEY_UIApplicationSceneManifest_Generation[sdk=iphoneos*]" = YES;
				"INFOPLIST_KEY_UIApplicationSceneManifest_Generation[sdk=iphonesimulator*]" = YES;
				"INFOPLIST_KEY_UIApplicationSupportsIndirectInputEvents[sdk=iphoneos*]" = YES;
				"INFOPLIST_KEY_UIApplicationSupportsIndirectInputEvents[sdk=iphonesimulator*]" = YES;
				"INFOPLIST_KEY_UILaunchScreen_Generation[sdk=iphoneos*]" = YES;
				"INFOPLIST_KEY_UILaunchScreen_Generation[sdk=iphonesimulator*]" = YES;
				"INFOPLIST_KEY_UIStatusBarStyle[sdk=iphoneos*]" = UIStatusBarStyleDefault;
				"INFOPLIST_KEY_UIStatusBarStyle[sdk=iphonesimulator*]" = UIStatusBarStyleDefault;
				INFOPLIST_KEY_UISupportedInterfaceOrientations_iPad = "UIInterfaceOrientationPortrait UIInterfaceOrientationPortraitUpsideDown UIInterfaceOrientationLandscapeLeft UIInterfaceOrientationLandscapeRight";
				INFOPLIST_KEY_UISupportedInterfaceOrientations_iPhone = "UIInterfaceOrientationPortrait UIInterfaceOrientationLandscapeLeft UIInterfaceOrientationLandscapeRight";
				IPHONEOS_DEPLOYMENT_TARGET = 16.4;
				LD_RUNPATH_SEARCH_PATHS = "@executable_path/Frameworks";
				"LD_RUNPATH_SEARCH_PATHS[sdk=macosx*]" = "@executable_path/../Frameworks";
				MACOSX_DEPLOYMENT_TARGET = 13.3;
				MARKETING_VERSION = 1.0;
				PRODUCT_BUNDLE_IDENTIFIER = com.daxpatel.tejisgoat;
				PRODUCT_NAME = "$(TARGET_NAME)";
				SDKROOT = auto;
				SUPPORTED_PLATFORMS = "iphoneos iphonesimulator macosx";
				SWIFT_EMIT_LOC_STRINGS = YES;
				SWIFT_VERSION = 5.0;
				TARGETED_DEVICE_FAMILY = "1,2";
			};
			name = Debug;
		};
		A72D9D6029EB366F002FB49C /* Release */ = {
			isa = XCBuildConfiguration;
			buildSettings = {
				ASSETCATALOG_COMPILER_APPICON_NAME = AppIcon;
				ASSETCATALOG_COMPILER_GLOBAL_ACCENT_COLOR_NAME = AccentColor;
				CODE_SIGN_ENTITLEMENTS = tejisgoat/tejisgoat.entitlements;
				CODE_SIGN_STYLE = Automatic;
				CURRENT_PROJECT_VERSION = 1;
				DEVELOPMENT_ASSET_PATHS = "\"tejisgoat/Preview Content\"";
				DEVELOPMENT_TEAM = N76FV4P4AL;
				ENABLE_HARDENED_RUNTIME = YES;
				ENABLE_PREVIEWS = YES;
				GENERATE_INFOPLIST_FILE = YES;
				"INFOPLIST_KEY_UIApplicationSceneManifest_Generation[sdk=iphoneos*]" = YES;
				"INFOPLIST_KEY_UIApplicationSceneManifest_Generation[sdk=iphonesimulator*]" = YES;
				"INFOPLIST_KEY_UIApplicationSupportsIndirectInputEvents[sdk=iphoneos*]" = YES;
				"INFOPLIST_KEY_UIApplicationSupportsIndirectInputEvents[sdk=iphonesimulator*]" = YES;
				"INFOPLIST_KEY_UILaunchScreen_Generation[sdk=iphoneos*]" = YES;
				"INFOPLIST_KEY_UILaunchScreen_Generation[sdk=iphonesimulator*]" = YES;
				"INFOPLIST_KEY_UIStatusBarStyle[sdk=iphoneos*]" = UIStatusBarStyleDefault;
				"INFOPLIST_KEY_UIStatusBarStyle[sdk=iphonesimulator*]" = UIStatusBarStyleDefault;
				INFOPLIST_KEY_UISupportedInterfaceOrientations_iPad = "UIInterfaceOrientationPortrait UIInterfaceOrientationPortraitUpsideDown UIInterfaceOrientationLandscapeLeft UIInterfaceOrientationLandscapeRight";
				INFOPLIST_KEY_UISupportedInterfaceOrientations_iPhone = "UIInterfaceOrientationPortrait UIInterfaceOrientationLandscapeLeft UIInterfaceOrientationLandscapeRight";
				IPHONEOS_DEPLOYMENT_TARGET = 16.4;
				LD_RUNPATH_SEARCH_PATHS = "@executable_path/Frameworks";
				"LD_RUNPATH_SEARCH_PATHS[sdk=macosx*]" = "@executable_path/../Frameworks";
				MACOSX_DEPLOYMENT_TARGET = 13.3;
				MARKETING_VERSION = 1.0;
				PRODUCT_BUNDLE_IDENTIFIER = com.daxpatel.tejisgoat;
				PRODUCT_NAME = "$(TARGET_NAME)";
				SDKROOT = auto;
				SUPPORTED_PLATFORMS = "iphoneos iphonesimulator macosx";
				SWIFT_EMIT_LOC_STRINGS = YES;
				SWIFT_VERSION = 5.0;
				TARGETED_DEVICE_FAMILY = "1,2";
			};
			name = Release;
		};
		A72D9D6229EB366F002FB49C /* Debug */ = {
			isa = XCBuildConfiguration;
			buildSettings = {
				ALWAYS_EMBED_SWIFT_STANDARD_LIBRARIES = YES;
				BUNDLE_LOADER = "$(TEST_HOST)";
				CODE_SIGN_STYLE = Automatic;
				CURRENT_PROJECT_VERSION = 1;
				DEVELOPMENT_TEAM = N76FV4P4AL;
				GENERATE_INFOPLIST_FILE = YES;
				IPHONEOS_DEPLOYMENT_TARGET = 16.4;
				MACOSX_DEPLOYMENT_TARGET = 13.3;
				MARKETING_VERSION = 1.0;
				PRODUCT_BUNDLE_IDENTIFIER = com.daxpatel.tejisgoatTests;
				PRODUCT_NAME = "$(TARGET_NAME)";
				SDKROOT = auto;
				SUPPORTED_PLATFORMS = "iphoneos iphonesimulator macosx";
				SWIFT_EMIT_LOC_STRINGS = NO;
				SWIFT_VERSION = 5.0;
				TARGETED_DEVICE_FAMILY = "1,2";
				TEST_HOST = "$(BUILT_PRODUCTS_DIR)/tejisgoat.app/$(BUNDLE_EXECUTABLE_FOLDER_PATH)/tejisgoat";
			};
			name = Debug;
		};
		A72D9D6329EB366F002FB49C /* Release */ = {
			isa = XCBuildConfiguration;
			buildSettings = {
				ALWAYS_EMBED_SWIFT_STANDARD_LIBRARIES = YES;
				BUNDLE_LOADER = "$(TEST_HOST)";
				CODE_SIGN_STYLE = Automatic;
				CURRENT_PROJECT_VERSION = 1;
				DEVELOPMENT_TEAM = N76FV4P4AL;
				GENERATE_INFOPLIST_FILE = YES;
				IPHONEOS_DEPLOYMENT_TARGET = 16.4;
				MACOSX_DEPLOYMENT_TARGET = 13.3;
				MARKETING_VERSION = 1.0;
				PRODUCT_BUNDLE_IDENTIFIER = com.daxpatel.tejisgoatTests;
				PRODUCT_NAME = "$(TARGET_NAME)";
				SDKROOT = auto;
				SUPPORTED_PLATFORMS = "iphoneos iphonesimulator macosx";
				SWIFT_EMIT_LOC_STRINGS = NO;
				SWIFT_VERSION = 5.0;
				TARGETED_DEVICE_FAMILY = "1,2";
				TEST_HOST = "$(BUILT_PRODUCTS_DIR)/tejisgoat.app/$(BUNDLE_EXECUTABLE_FOLDER_PATH)/tejisgoat";
			};
			name = Release;
		};
		A72D9D6529EB366F002FB49C /* Debug */ = {
			isa = XCBuildConfiguration;
			buildSettings = {
				ALWAYS_EMBED_SWIFT_STANDARD_LIBRARIES = YES;
				CODE_SIGN_STYLE = Automatic;
				CURRENT_PROJECT_VERSION = 1;
				DEVELOPMENT_TEAM = N76FV4P4AL;
				GENERATE_INFOPLIST_FILE = YES;
				IPHONEOS_DEPLOYMENT_TARGET = 16.4;
				MACOSX_DEPLOYMENT_TARGET = 13.3;
				MARKETING_VERSION = 1.0;
				PRODUCT_BUNDLE_IDENTIFIER = com.daxpatel.tejisgoatUITests;
				PRODUCT_NAME = "$(TARGET_NAME)";
				SDKROOT = auto;
				SUPPORTED_PLATFORMS = "iphoneos iphonesimulator macosx";
				SWIFT_EMIT_LOC_STRINGS = NO;
				SWIFT_VERSION = 5.0;
				TARGETED_DEVICE_FAMILY = "1,2";
				TEST_TARGET_NAME = tejisgoat;
			};
			name = Debug;
		};
		A72D9D6629EB366F002FB49C /* Release */ = {
			isa = XCBuildConfiguration;
			buildSettings = {
				ALWAYS_EMBED_SWIFT_STANDARD_LIBRARIES = YES;
				CODE_SIGN_STYLE = Automatic;
				CURRENT_PROJECT_VERSION = 1;
				DEVELOPMENT_TEAM = N76FV4P4AL;
				GENERATE_INFOPLIST_FILE = YES;
				IPHONEOS_DEPLOYMENT_TARGET = 16.4;
				MACOSX_DEPLOYMENT_TARGET = 13.3;
				MARKETING_VERSION = 1.0;
				PRODUCT_BUNDLE_IDENTIFIER = com.daxpatel.tejisgoatUITests;
				PRODUCT_NAME = "$(TARGET_NAME)";
				SDKROOT = auto;
				SUPPORTED_PLATFORMS = "iphoneos iphonesimulator macosx";
				SWIFT_EMIT_LOC_STRINGS = NO;
				SWIFT_VERSION = 5.0;
				TARGETED_DEVICE_FAMILY = "1,2";
				TEST_TARGET_NAME = tejisgoat;
			};
			name = Release;
		};
/* End XCBuildConfiguration section */

/* Begin XCConfigurationList section */
		A72D9D3429EB366E002FB49C /* Build configuration list for PBXProject "tejisgoat" */ = {
			isa = XCConfigurationList;
			buildConfigurations = (
				A72D9D5C29EB366F002FB49C /* Debug */,
				A72D9D5D29EB366F002FB49C /* Release */,
			);
			defaultConfigurationIsVisible = 0;
			defaultConfigurationName = Release;
		};
		A72D9D5E29EB366F002FB49C /* Build configuration list for PBXNativeTarget "tejisgoat" */ = {
			isa = XCConfigurationList;
			buildConfigurations = (
				A72D9D5F29EB366F002FB49C /* Debug */,
				A72D9D6029EB366F002FB49C /* Release */,
			);
			defaultConfigurationIsVisible = 0;
			defaultConfigurationName = Release;
		};
		A72D9D6129EB366F002FB49C /* Build configuration list for PBXNativeTarget "tejisgoatTests" */ = {
			isa = XCConfigurationList;
			buildConfigurations = (
				A72D9D6229EB366F002FB49C /* Debug */,
				A72D9D6329EB366F002FB49C /* Release */,
			);
			defaultConfigurationIsVisible = 0;
			defaultConfigurationName = Release;
		};
		A72D9D6429EB366F002FB49C /* Build configuration list for PBXNativeTarget "tejisgoatUITests" */ = {
			isa = XCConfigurationList;
			buildConfigurations = (
				A72D9D6529EB366F002FB49C /* Debug */,
				A72D9D6629EB366F002FB49C /* Release */,
			);
			defaultConfigurationIsVisible = 0;
			defaultConfigurationName = Release;
		};
/* End XCConfigurationList section */
	};
	rootObject = A72D9D3129EB366E002FB49C /* Project object */;
}
